
Microsoft Visual Studio Solution File, Format Version 12.00
# Visual Studio Version 16
VisualStudioVersion = 16.0.30621.155
MinimumVisualStudioVersion = 10.0.40219.1
Project("{FAE04EC0-301F-11D3-BF4B-00C04F79EFBC}") = "QLVT_DATHANG", "QLVT_DATHANG\QLVT_DATHANG.csproj", "{D286CBF7-A619-4808-8E1D-CB88CD936A77}"
EndProject
Global
	GlobalSection(SolutionConfigurationPlatforms) = preSolution
		Debug|Any CPU = Debug|Any CPU
		Release|Any CPU = Release|Any CPU
	EndGlobalSection
	GlobalSection(ProjectConfigurationPlatforms) = postSolution
		{D286CBF7-A619-4808-8E1D-CB88CD936A77}.Debug|Any CPU.ActiveCfg = Debug|Any CPU
		{D286CBF7-A619-4808-8E1D-CB88CD936A77}.Debug|Any CPU.Build.0 = Debug|Any CPU
		{D286CBF7-A619-4808-8E1D-CB88CD936A77}.Release|Any CPU.ActiveCfg = Release|Any CPU
		{D286CBF7-A619-4808-8E1D-CB88CD936A77}.Release|Any CPU.Build.0 = Release|Any CPU
	EndGlobalSection
	GlobalSection(SolutionProperties) = preSolution
		HideSolutionNode = FALSE
	EndGlobalSection
	GlobalSection(ExtensibilityGlobals) = postSolution
		SolutionGuid = {16CD9C5F-E47F-45A6-ACF8-B677C5D506E5}
	EndGlobalSection
EndGlobal
